
Microsoft Visual Studio Solution File, Format Version 12.00
# Visual Studio Version 17
VisualStudioVersion = 17.13.35828.75
MinimumVisualStudioVersion = 10.0.40219.1
Project("{FAE04EC0-301F-11D3-BF4B-00C04F79EFBC}") = "GUI_UI_PolyCafe", "GUI_UI_PolyCafe\GUI_UI_PolyCafe.csproj", "{D7D9711D-1906-43E2-A209-CA7370FD602E}"
EndProject
Project("{FAE04EC0-301F-11D3-BF4B-00C04F79EFBC}") = "BLL_Services_PolyCafe", "BLL_Services_PolyCafe\BLL_Services_PolyCafe.csproj", "{8AC6B7CC-7D21-4C75-8550-DCBF7826ADC2}"
EndProject
Project("{FAE04EC0-301F-11D3-BF4B-00C04F79EFBC}") = "DAL_Data_PolyCafe", "DAL_Data_PolyCafe\DAL_Data_PolyCafe.csproj", "{EBA37C97-6868-4154-8041-4EA4A35C7BB6}"
EndProject
Project("{FAE04EC0-301F-11D3-BF4B-00C04F79EFBC}") = "DTO_Models_PolyCafe", "DTO_Models_PolyCafe\DTO_Models_PolyCafe.csproj", "{EBD667AC-2DB3-4CCC-9502-35DA2F281190}"
EndProject
Project("{FAE04EC0-301F-11D3-BF4B-00C04F79EFBC}") = "DBUTIL_Utilities_PolyCafe", "DBUTIL_Utilities_PolyCafe\DBUTIL_Utilities_PolyCafe.csproj", "{A7F5CDB0-2BC2-4B93-A94C-619385E58F52}"
EndProject
Global
	GlobalSection(SolutionConfigurationPlatforms) = preSolution
		Debug|Any CPU = Debug|Any CPU
		Release|Any CPU = Release|Any CPU
	EndGlobalSection
	GlobalSection(ProjectConfigurationPlatforms) = postSolution
		{D7D9711D-1906-43E2-A209-CA7370FD602E}.Debug|Any CPU.ActiveCfg = Debug|Any CPU
		{D7D9711D-1906-43E2-A209-CA7370FD602E}.Debug|Any CPU.Build.0 = Debug|Any CPU
		{D7D9711D-1906-43E2-A209-CA7370FD602E}.Release|Any CPU.ActiveCfg = Release|Any CPU
		{D7D9711D-1906-43E2-A209-CA7370FD602E}.Release|Any CPU.Build.0 = Release|Any CPU
		{8AC6B7CC-7D21-4C75-8550-DCBF7826ADC2}.Debug|Any CPU.ActiveCfg = Debug|Any CPU
		{8AC6B7CC-7D21-4C75-8550-DCBF7826ADC2}.Debug|Any CPU.Build.0 = Debug|Any CPU
		{8AC6B7CC-7D21-4C75-8550-DCBF7826ADC2}.Release|Any CPU.ActiveCfg = Release|Any CPU
		{8AC6B7CC-7D21-4C75-8550-DCBF7826ADC2}.Release|Any CPU.Build.0 = Release|Any CPU
		{EBA37C97-6868-4154-8041-4EA4A35C7BB6}.Debug|Any CPU.ActiveCfg = Debug|Any CPU
		{EBA37C97-6868-4154-8041-4EA4A35C7BB6}.Debug|Any CPU.Build.0 = Debug|Any CPU
		{EBA37C97-6868-4154-8041-4EA4A35C7BB6}.Release|Any CPU.ActiveCfg = Release|Any CPU
		{EBA37C97-6868-4154-8041-4EA4A35C7BB6}.Release|Any CPU.Build.0 = Release|Any CPU
		{EBD667AC-2DB3-4CCC-9502-35DA2F281190}.Debug|Any CPU.ActiveCfg = Debug|Any CPU
		{EBD667AC-2DB3-4CCC-9502-35DA2F281190}.Debug|Any CPU.Build.0 = Debug|Any CPU
		{EBD667AC-2DB3-4CCC-9502-35DA2F281190}.Release|Any CPU.ActiveCfg = Release|Any CPU
		{EBD667AC-2DB3-4CCC-9502-35DA2F281190}.Release|Any CPU.Build.0 = Release|Any CPU
		{A7F5CDB0-2BC2-4B93-A94C-619385E58F52}.Debug|Any CPU.ActiveCfg = Debug|Any CPU
		{A7F5CDB0-2BC2-4B93-A94C-619385E58F52}.Debug|Any CPU.Build.0 = Debug|Any CPU
		{A7F5CDB0-2BC2-4B93-A94C-619385E58F52}.Release|Any CPU.ActiveCfg = Release|Any CPU
		{A7F5CDB0-2BC2-4B93-A94C-619385E58F52}.Release|Any CPU.Build.0 = Release|Any CPU
	EndGlobalSection
	GlobalSection(SolutionProperties) = preSolution
		HideSolutionNode = FALSE
	EndGlobalSection
	GlobalSection(ExtensibilityGlobals) = postSolution
		SolutionGuid = {F4750D52-21D3-428A-B33D-7AFB7F980B59}
	EndGlobalSection
EndGlobal
